
Microsoft Visual Studio Solution File, Format Version 12.00
# Visual Studio 14
VisualStudioVersion = 14.0.23107.0
MinimumVisualStudioVersion = 10.0.40219.1
Project("{FAE04EC0-301F-11D3-BF4B-00C04F79EFBC}") = "EntytiModel", "..\EntytiModel\EntytiModel.csproj", "{681AA7E8-C35D-4F98-BBFE-51BD8E1DAAD6}"
EndProject
Project("{FAE04EC0-301F-11D3-BF4B-00C04F79EFBC}") = "DAL", "DAL\DAL.csproj", "{8D93BAB9-8A35-4B04-9605-AA03A4BA729D}"
EndProject
Project("{FAE04EC0-301F-11D3-BF4B-00C04F79EFBC}") = "BL", "BL\BL.csproj", "{56DCCC43-C3C1-4E3E-A762-92328B0E919B}"
EndProject
Project("{FAE04EC0-301F-11D3-BF4B-00C04F79EFBC}") = "ManagerSale(Console)", "ManagerSale(Console)\ManagerSale(Console).csproj", "{F1033FE9-2E18-48C8-A321-0387D5C419C4}"
EndProject
Global
	GlobalSection(SolutionConfigurationPlatforms) = preSolution
		Debug|Any CPU = Debug|Any CPU
		Release|Any CPU = Release|Any CPU
	EndGlobalSection
	GlobalSection(ProjectConfigurationPlatforms) = postSolution
		{681AA7E8-C35D-4F98-BBFE-51BD8E1DAAD6}.Debug|Any CPU.ActiveCfg = Debug|Any CPU
		{681AA7E8-C35D-4F98-BBFE-51BD8E1DAAD6}.Debug|Any CPU.Build.0 = Debug|Any CPU
		{681AA7E8-C35D-4F98-BBFE-51BD8E1DAAD6}.Release|Any CPU.ActiveCfg = Release|Any CPU
		{681AA7E8-C35D-4F98-BBFE-51BD8E1DAAD6}.Release|Any CPU.Build.0 = Release|Any CPU
		{8D93BAB9-8A35-4B04-9605-AA03A4BA729D}.Debug|Any CPU.ActiveCfg = Debug|Any CPU
		{8D93BAB9-8A35-4B04-9605-AA03A4BA729D}.Debug|Any CPU.Build.0 = Debug|Any CPU
		{8D93BAB9-8A35-4B04-9605-AA03A4BA729D}.Release|Any CPU.ActiveCfg = Release|Any CPU
		{8D93BAB9-8A35-4B04-9605-AA03A4BA729D}.Release|Any CPU.Build.0 = Release|Any CPU
		{56DCCC43-C3C1-4E3E-A762-92328B0E919B}.Debug|Any CPU.ActiveCfg = Debug|Any CPU
		{56DCCC43-C3C1-4E3E-A762-92328B0E919B}.Debug|Any CPU.Build.0 = Debug|Any CPU
		{56DCCC43-C3C1-4E3E-A762-92328B0E919B}.Release|Any CPU.ActiveCfg = Release|Any CPU
		{56DCCC43-C3C1-4E3E-A762-92328B0E919B}.Release|Any CPU.Build.0 = Release|Any CPU
		{F1033FE9-2E18-48C8-A321-0387D5C419C4}.Debug|Any CPU.ActiveCfg = Debug|Any CPU
		{F1033FE9-2E18-48C8-A321-0387D5C419C4}.Debug|Any CPU.Build.0 = Debug|Any CPU
		{F1033FE9-2E18-48C8-A321-0387D5C419C4}.Release|Any CPU.ActiveCfg = Release|Any CPU
		{F1033FE9-2E18-48C8-A321-0387D5C419C4}.Release|Any CPU.Build.0 = Release|Any CPU
	EndGlobalSection
	GlobalSection(SolutionProperties) = preSolution
		HideSolutionNode = FALSE
	EndGlobalSection
EndGlobal
